{
  "name": "styleswear",
  "version": "0.1.0",
  "private": true,
  "scripts": {
    "dev": "next dev",
    "build": "next build",
    "start": "next start",
    "lint": "next lint"
  },
  "dependencies": {
    "@emotion/cache": "11.6.0",
    "@emotion/react": "11.7.0",
    "@emotion/server": "11.4.0",
    "@emotion/styled": "11.6.0",
    "@headlessui/react": "^1.7.13",
    "@heroicons/react": "^2.0.16",
    "@mui/lab": "^5.0.0-alpha.125",
    "@mui/material": "^5.11.16",
    "@types/react-dom": "18.0.11",
    "apexcharts": "^3.23.1",
    "clsx": "1.1.1",
    "crypto-js": "^4.1.1",
    "eslint": "8.36.0",
    "eslint-config-next": "13.2.4",
    "feather-icons-react": "^0.5.0",
    "jsonwebtoken": "^9.0.0",
    "mongoose": "^7.0.3",
    "next": "13.2.4",
    "nodemailer": "^6.9.1",
    "paytmchecksum": "^1.5.0",
    "react": "18.2.0",
    "react-apexcharts": "^1.4.0",
    "react-dom": "18.2.0",
    "react-icons": "^4.8.0",
    "react-toastify": "^9.1.2",
    "react-top-loading-bar": "^2.3.1",
    "uuid": "^9.0.0"
  },
  "devDependencies": {
    "@types/node": "18.15.10",
    "@types/react": "18.0.29",
    "autoprefixer": "^10.4.14",
    "postcss": "^8.4.21",
    "tailwindcss": "^3.2.7",
    "typescript": "5.0.2"
  }
}
